
Microsoft Visual Studio Solution File, Format Version 12.00
# Visual Studio 15
VisualStudioVersion = 15.0.28307.1972
MinimumVisualStudioVersion = 10.0.40219.1
Project("{8BC9CEB8-8B4A-11D0-8D11-00A0C91BC942}") = "LR4_SysProg", "LR4_SysProg\LR4_SysProg.vcxproj", "{00366F53-54DA-483A-BA79-4AC014BF9D0A}"
EndProject
Global
	GlobalSection(SolutionConfigurationPlatforms) = preSolution
		Debug|x64 = Debug|x64
		Debug|x86 = Debug|x86
		Release|x64 = Release|x64
		Release|x86 = Release|x86
	EndGlobalSection
	GlobalSection(ProjectConfigurationPlatforms) = postSolution
		{00366F53-54DA-483A-BA79-4AC014BF9D0A}.Debug|x64.ActiveCfg = Debug|x64
		{00366F53-54DA-483A-BA79-4AC014BF9D0A}.Debug|x64.Build.0 = Debug|x64
		{00366F53-54DA-483A-BA79-4AC014BF9D0A}.Debug|x86.ActiveCfg = Debug|Win32
		{00366F53-54DA-483A-BA79-4AC014BF9D0A}.Debug|x86.Build.0 = Debug|Win32
		{00366F53-54DA-483A-BA79-4AC014BF9D0A}.Release|x64.ActiveCfg = Release|x64
		{00366F53-54DA-483A-BA79-4AC014BF9D0A}.Release|x64.Build.0 = Release|x64
		{00366F53-54DA-483A-BA79-4AC014BF9D0A}.Release|x86.ActiveCfg = Release|Win32
		{00366F53-54DA-483A-BA79-4AC014BF9D0A}.Release|x86.Build.0 = Release|Win32
	EndGlobalSection
	GlobalSection(SolutionProperties) = preSolution
		HideSolutionNode = FALSE
	EndGlobalSection
	GlobalSection(ExtensibilityGlobals) = postSolution
		SolutionGuid = {25B42C2C-62C4-486C-B21C-70CBEE7ADA9A}
	EndGlobalSection
EndGlobal
